
Microsoft Visual Studio Solution File, Format Version 12.00
# Visual Studio Version 16
VisualStudioVersion = 16.0.30114.105
MinimumVisualStudioVersion = 10.0.40219.1
Project("{FAE04EC0-301F-11D3-BF4B-00C04F79EFBC}") = "WebAPI", "src\WebAPI\WebAPI.csproj", "{EB818E38-E4FC-48B4-94C9-0B616964657D}"
EndProject
Project("{FAE04EC0-301F-11D3-BF4B-00C04F79EFBC}") = "Domain", "src\Domain\Domain.csproj", "{D9B0F10A-A0B6-4524-AEE5-9D96E8405164}"
EndProject
Project("{FAE04EC0-301F-11D3-BF4B-00C04F79EFBC}") = "Infrastructure", "src\Infrastructure\Infrastructure.csproj", "{7AD76B02-913B-4CD5-B0FC-B5E755DB8DCC}"
EndProject
Global
	GlobalSection(SolutionProperties) = preSolution
		HideSolutionNode = FALSE
	EndGlobalSection
	GlobalSection(SolutionConfigurationPlatforms) = preSolution
		Debug|Any CPU = Debug|Any CPU
		Debug|x64 = Debug|x64
		Debug|x86 = Debug|x86
		Release|Any CPU = Release|Any CPU
		Release|x64 = Release|x64
		Release|x86 = Release|x86
	EndGlobalSection
	GlobalSection(ProjectConfigurationPlatforms) = postSolution
		{A14CE78F-7E56-4F92-9549-7512B322B41C}.Debug|Any CPU.ActiveCfg = Debug|Any CPU
		{A14CE78F-7E56-4F92-9549-7512B322B41C}.Debug|Any CPU.Build.0 = Debug|Any CPU
		{A14CE78F-7E56-4F92-9549-7512B322B41C}.Debug|x64.ActiveCfg = Debug|Any CPU
		{A14CE78F-7E56-4F92-9549-7512B322B41C}.Debug|x64.Build.0 = Debug|Any CPU
		{A14CE78F-7E56-4F92-9549-7512B322B41C}.Debug|x86.ActiveCfg = Debug|Any CPU
		{A14CE78F-7E56-4F92-9549-7512B322B41C}.Debug|x86.Build.0 = Debug|Any CPU
		{A14CE78F-7E56-4F92-9549-7512B322B41C}.Release|Any CPU.ActiveCfg = Release|Any CPU
		{A14CE78F-7E56-4F92-9549-7512B322B41C}.Release|Any CPU.Build.0 = Release|Any CPU
		{A14CE78F-7E56-4F92-9549-7512B322B41C}.Release|x64.ActiveCfg = Release|Any CPU
		{A14CE78F-7E56-4F92-9549-7512B322B41C}.Release|x64.Build.0 = Release|Any CPU
		{A14CE78F-7E56-4F92-9549-7512B322B41C}.Release|x86.ActiveCfg = Release|Any CPU
		{A14CE78F-7E56-4F92-9549-7512B322B41C}.Release|x86.Build.0 = Release|Any CPU
		{EB818E38-E4FC-48B4-94C9-0B616964657D}.Debug|Any CPU.ActiveCfg = Debug|Any CPU
		{EB818E38-E4FC-48B4-94C9-0B616964657D}.Debug|Any CPU.Build.0 = Debug|Any CPU
		{EB818E38-E4FC-48B4-94C9-0B616964657D}.Debug|x64.ActiveCfg = Debug|Any CPU
		{EB818E38-E4FC-48B4-94C9-0B616964657D}.Debug|x64.Build.0 = Debug|Any CPU
		{EB818E38-E4FC-48B4-94C9-0B616964657D}.Debug|x86.ActiveCfg = Debug|Any CPU
		{EB818E38-E4FC-48B4-94C9-0B616964657D}.Debug|x86.Build.0 = Debug|Any CPU
		{EB818E38-E4FC-48B4-94C9-0B616964657D}.Release|Any CPU.ActiveCfg = Release|Any CPU
		{EB818E38-E4FC-48B4-94C9-0B616964657D}.Release|Any CPU.Build.0 = Release|Any CPU
		{EB818E38-E4FC-48B4-94C9-0B616964657D}.Release|x64.ActiveCfg = Release|Any CPU
		{EB818E38-E4FC-48B4-94C9-0B616964657D}.Release|x64.Build.0 = Release|Any CPU
		{EB818E38-E4FC-48B4-94C9-0B616964657D}.Release|x86.ActiveCfg = Release|Any CPU
		{EB818E38-E4FC-48B4-94C9-0B616964657D}.Release|x86.Build.0 = Release|Any CPU
		{D9B0F10A-A0B6-4524-AEE5-9D96E8405164}.Debug|Any CPU.ActiveCfg = Debug|Any CPU
		{D9B0F10A-A0B6-4524-AEE5-9D96E8405164}.Debug|Any CPU.Build.0 = Debug|Any CPU
		{D9B0F10A-A0B6-4524-AEE5-9D96E8405164}.Debug|x64.ActiveCfg = Debug|Any CPU
		{D9B0F10A-A0B6-4524-AEE5-9D96E8405164}.Debug|x64.Build.0 = Debug|Any CPU
		{D9B0F10A-A0B6-4524-AEE5-9D96E8405164}.Debug|x86.ActiveCfg = Debug|Any CPU
		{D9B0F10A-A0B6-4524-AEE5-9D96E8405164}.Debug|x86.Build.0 = Debug|Any CPU
		{D9B0F10A-A0B6-4524-AEE5-9D96E8405164}.Release|Any CPU.ActiveCfg = Release|Any CPU
		{D9B0F10A-A0B6-4524-AEE5-9D96E8405164}.Release|Any CPU.Build.0 = Release|Any CPU
		{D9B0F10A-A0B6-4524-AEE5-9D96E8405164}.Release|x64.ActiveCfg = Release|Any CPU
		{D9B0F10A-A0B6-4524-AEE5-9D96E8405164}.Release|x64.Build.0 = Release|Any CPU
		{D9B0F10A-A0B6-4524-AEE5-9D96E8405164}.Release|x86.ActiveCfg = Release|Any CPU
		{D9B0F10A-A0B6-4524-AEE5-9D96E8405164}.Release|x86.Build.0 = Release|Any CPU
		{7AD76B02-913B-4CD5-B0FC-B5E755DB8DCC}.Debug|Any CPU.ActiveCfg = Debug|Any CPU
		{7AD76B02-913B-4CD5-B0FC-B5E755DB8DCC}.Debug|Any CPU.Build.0 = Debug|Any CPU
		{7AD76B02-913B-4CD5-B0FC-B5E755DB8DCC}.Debug|x64.ActiveCfg = Debug|Any CPU
		{7AD76B02-913B-4CD5-B0FC-B5E755DB8DCC}.Debug|x64.Build.0 = Debug|Any CPU
		{7AD76B02-913B-4CD5-B0FC-B5E755DB8DCC}.Debug|x86.ActiveCfg = Debug|Any CPU
		{7AD76B02-913B-4CD5-B0FC-B5E755DB8DCC}.Debug|x86.Build.0 = Debug|Any CPU
		{7AD76B02-913B-4CD5-B0FC-B5E755DB8DCC}.Release|Any CPU.ActiveCfg = Release|Any CPU
		{7AD76B02-913B-4CD5-B0FC-B5E755DB8DCC}.Release|Any CPU.Build.0 = Release|Any CPU
		{7AD76B02-913B-4CD5-B0FC-B5E755DB8DCC}.Release|x64.ActiveCfg = Release|Any CPU
		{7AD76B02-913B-4CD5-B0FC-B5E755DB8DCC}.Release|x64.Build.0 = Release|Any CPU
		{7AD76B02-913B-4CD5-B0FC-B5E755DB8DCC}.Release|x86.ActiveCfg = Release|Any CPU
		{7AD76B02-913B-4CD5-B0FC-B5E755DB8DCC}.Release|x86.Build.0 = Release|Any CPU
	EndGlobalSection
	GlobalSection(NestedProjects) = preSolution
		{A14CE78F-7E56-4F92-9549-7512B322B41C} = {9C31C8DB-1784-43A2-8BF0-1E9EBC3E2FBD}
		{EB818E38-E4FC-48B4-94C9-0B616964657D} = {9C31C8DB-1784-43A2-8BF0-1E9EBC3E2FBD}
		{D9B0F10A-A0B6-4524-AEE5-9D96E8405164} = {9C31C8DB-1784-43A2-8BF0-1E9EBC3E2FBD}
		{7AD76B02-913B-4CD5-B0FC-B5E755DB8DCC} = {9C31C8DB-1784-43A2-8BF0-1E9EBC3E2FBD}
	EndGlobalSection
EndGlobal
